// !$*UTF8*$!
{
	archiveVersion = 1;
	classes = {
	};
	objectVersion = 56;
	objects = {

/* Begin PBXBuildFile section */
		6DC9B436A51EB645FE4EF300 /* Pods_CSGO_polygon.framework in Frameworks */ = {isa = PBXBuildFile; fileRef = 001930A220D01D462B1D5807 /* Pods_CSGO_polygon.framework */; };
		754855222AB24F94002FF82B /* NewsModel.swift in Sources */ = {isa = PBXBuildFile; fileRef = 754855212AB24F94002FF82B /* NewsModel.swift */; };
		754855242AB250E3002FF82B /* NewsViewModel.swift in Sources */ = {isa = PBXBuildFile; fileRef = 754855232AB250E3002FF82B /* NewsViewModel.swift */; };
		758021C02AABE4A90094802F /* TabBarController.swift in Sources */ = {isa = PBXBuildFile; fileRef = 758021BF2AABE4A90094802F /* TabBarController.swift */; };
		758021C32AABEBCC0094802F /* NewsViewController.swift in Sources */ = {isa = PBXBuildFile; fileRef = 758021C22AABEBCC0094802F /* NewsViewController.swift */; };
		758021C62AABECA70094802F /* NewsCell.swift in Sources */ = {isa = PBXBuildFile; fileRef = 758021C52AABECA70094802F /* NewsCell.swift */; };
		758021C82AABEEFD0094802F /* RosterViewController.swift in Sources */ = {isa = PBXBuildFile; fileRef = 758021C72AABEEFD0094802F /* RosterViewController.swift */; };
		75B199EC2AA105F5008FD945 /* AppDelegate.swift in Sources */ = {isa = PBXBuildFile; fileRef = 75B199EB2AA105F5008FD945 /* AppDelegate.swift */; };
		75B199F62AA105F5008FD945 /* CSGO_polygon.xcdatamodeld in Sources */ = {isa = PBXBuildFile; fileRef = 75B199F42AA105F5008FD945 /* CSGO_polygon.xcdatamodeld */; };
		75B199F82AA105F7008FD945 /* Assets.xcassets in Resources */ = {isa = PBXBuildFile; fileRef = 75B199F72AA105F7008FD945 /* Assets.xcassets */; };
		75B199FB2AA105F7008FD945 /* LaunchScreen.storyboard in Resources */ = {isa = PBXBuildFile; fileRef = 75B199F92AA105F7008FD945 /* LaunchScreen.storyboard */; };
		75B19A032AA106C4008FD945 /* AppCenter.swift in Sources */ = {isa = PBXBuildFile; fileRef = 75B19A022AA106C3008FD945 /* AppCenter.swift */; };
		75B19A072AA10727008FD945 /* Controller+Extensions.swift in Sources */ = {isa = PBXBuildFile; fileRef = 75B19A062AA10727008FD945 /* Controller+Extensions.swift */; };
		75B19A0A2AA10761008FD945 /* UserManager.swift in Sources */ = {isa = PBXBuildFile; fileRef = 75B19A092AA10761008FD945 /* UserManager.swift */; };
		75B19A0C2AA10811008FD945 /* ApiRoutes.swift in Sources */ = {isa = PBXBuildFile; fileRef = 75B19A0B2AA10811008FD945 /* ApiRoutes.swift */; };
		75B19A0E2AA10827008FD945 /* LoaderView.swift in Sources */ = {isa = PBXBuildFile; fileRef = 75B19A0D2AA10827008FD945 /* LoaderView.swift */; };
		75B19A102AA108A4008FD945 /* Router.swift in Sources */ = {isa = PBXBuildFile; fileRef = 75B19A0F2AA108A4008FD945 /* Router.swift */; };
		75B19A122AA108C8008FD945 /* FileHelper.swift in Sources */ = {isa = PBXBuildFile; fileRef = 75B19A112AA108C8008FD945 /* FileHelper.swift */; };
		75FCE47F2AA2898600A53774 /* Extensions.swift in Sources */ = {isa = PBXBuildFile; fileRef = 75FCE47E2AA2898600A53774 /* Extensions.swift */; };
		75FCE4812AA28A9000A53774 /* RosterCell.swift in Sources */ = {isa = PBXBuildFile; fileRef = 75FCE4802AA28A9000A53774 /* RosterCell.swift */; };
		75FCE4832AA28C0D00A53774 /* Loopable.swift in Sources */ = {isa = PBXBuildFile; fileRef = 75FCE4822AA28C0D00A53774 /* Loopable.swift */; };
		75FCE4892AA369B600A53774 /* RosterViewModel.swift in Sources */ = {isa = PBXBuildFile; fileRef = 75FCE4882AA369B600A53774 /* RosterViewModel.swift */; };
		75FCE48B2AA36A0500A53774 /* PlayersModel.swift in Sources */ = {isa = PBXBuildFile; fileRef = 75FCE48A2AA36A0500A53774 /* PlayersModel.swift */; };
		75FCE4DF2AA3A4F900A53774 /* Enums.swift in Sources */ = {isa = PBXBuildFile; fileRef = 75FCE4CE2AA3A4F900A53774 /* Enums.swift */; };
		75FCE4E12AA3A4F900A53774 /* ColorsConstants.swift in Sources */ = {isa = PBXBuildFile; fileRef = 75FCE4D02AA3A4F900A53774 /* ColorsConstants.swift */; };
		75FCE4E22AA3A4F900A53774 /* FontConstants.swift in Sources */ = {isa = PBXBuildFile; fileRef = 75FCE4D12AA3A4F900A53774 /* FontConstants.swift */; };
		75FCE4E32AA3A4F900A53774 /* AirbnbCereal_W_XBd.otf in Resources */ = {isa = PBXBuildFile; fileRef = 75FCE4D42AA3A4F900A53774 /* AirbnbCereal_W_XBd.otf */; };
		75FCE4E42AA3A4F900A53774 /* AirbnbCereal_W_Blk.otf in Resources */ = {isa = PBXBuildFile; fileRef = 75FCE4D52AA3A4F900A53774 /* AirbnbCereal_W_Blk.otf */; };
		75FCE4E52AA3A4F900A53774 /* AirbnbCereal_W_Md.otf in Resources */ = {isa = PBXBuildFile; fileRef = 75FCE4D62AA3A4F900A53774 /* AirbnbCereal_W_Md.otf */; };
		75FCE4E62AA3A4F900A53774 /* AirbnbCereal_W_Bk.otf in Resources */ = {isa = PBXBuildFile; fileRef = 75FCE4D72AA3A4F900A53774 /* AirbnbCereal_W_Bk.otf */; };
		75FCE4E72AA3A4F900A53774 /* AirbnbCereal_W_Lt.otf in Resources */ = {isa = PBXBuildFile; fileRef = 75FCE4D82AA3A4F900A53774 /* AirbnbCereal_W_Lt.otf */; };
		75FCE4E82AA3A4F900A53774 /* AirbnbCereal_W_Bd.otf in Resources */ = {isa = PBXBuildFile; fileRef = 75FCE4D92AA3A4F900A53774 /* AirbnbCereal_W_Bd.otf */; };
		75FCE4E92AA3A4F900A53774 /* Inter-Medium.ttf in Resources */ = {isa = PBXBuildFile; fileRef = 75FCE4DB2AA3A4F900A53774 /* Inter-Medium.ttf */; };
		75FCE4EA2AA3A4F900A53774 /* Inter-Bold.ttf in Resources */ = {isa = PBXBuildFile; fileRef = 75FCE4DC2AA3A4F900A53774 /* Inter-Bold.ttf */; };
		75FCE4EB2AA3A4F900A53774 /* Inter-Regular.ttf in Resources */ = {isa = PBXBuildFile; fileRef = 75FCE4DD2AA3A4F900A53774 /* Inter-Regular.ttf */; };
		75FCE4EC2AA3A4F900A53774 /* Inter-SemiBold.ttf in Resources */ = {isa = PBXBuildFile; fileRef = 75FCE4DE2AA3A4F900A53774 /* Inter-SemiBold.ttf */; };
		75FCE5042AA5002F00A53774 /* NotAccountButton.swift in Sources */ = {isa = PBXBuildFile; fileRef = 75FCE4EF2AA5002E00A53774 /* NotAccountButton.swift */; };
		75FCE5052AA5002F00A53774 /* SocialNetButton.swift in Sources */ = {isa = PBXBuildFile; fileRef = 75FCE4F02AA5002E00A53774 /* SocialNetButton.swift */; };
		75FCE5062AA5002F00A53774 /* ContainsButton.swift in Sources */ = {isa = PBXBuildFile; fileRef = 75FCE4F12AA5002F00A53774 /* ContainsButton.swift */; };
		75FCE5072AA5002F00A53774 /* SecondaryButton.swift in Sources */ = {isa = PBXBuildFile; fileRef = 75FCE4F22AA5002F00A53774 /* SecondaryButton.swift */; };
		75FCE5082AA5002F00A53774 /* BaseButton.swift in Sources */ = {isa = PBXBuildFile; fileRef = 75FCE4F32AA5002F00A53774 /* BaseButton.swift */; };
		75FCE5092AA5002F00A53774 /* CodeView.swift in Sources */ = {isa = PBXBuildFile; fileRef = 75FCE4F52AA5002F00A53774 /* CodeView.swift */; };
		75FCE50A2AA5002F00A53774 /* BaseTextField.swift in Sources */ = {isa = PBXBuildFile; fileRef = 75FCE4F62AA5002F00A53774 /* BaseTextField.swift */; };
		75FCE50B2AA5002F00A53774 /* BaseController.swift in Sources */ = {isa = PBXBuildFile; fileRef = 75FCE4F72AA5002F00A53774 /* BaseController.swift */; };
		75FCE50C2AA5002F00A53774 /* DynamicSizeTableView.swift in Sources */ = {isa = PBXBuildFile; fileRef = 75FCE4F82AA5002F00A53774 /* DynamicSizeTableView.swift */; };
		75FCE50D2AA5002F00A53774 /* SocialNetImageButton.swift in Sources */ = {isa = PBXBuildFile; fileRef = 75FCE4F92AA5002F00A53774 /* SocialNetImageButton.swift */; };
		75FCE50E2AA5002F00A53774 /* DynamicSizeCollectionView.swift in Sources */ = {isa = PBXBuildFile; fileRef = 75FCE4FA2AA5002F00A53774 /* DynamicSizeCollectionView.swift */; };
		75FCE5122AA5002F00A53774 /* RTLCollectionViewFlowLayout.swift in Sources */ = {isa = PBXBuildFile; fileRef = 75FCE5002AA5002F00A53774 /* RTLCollectionViewFlowLayout.swift */; };
		75FCE5132AA5002F00A53774 /* DoubledSlider.swift in Sources */ = {isa = PBXBuildFile; fileRef = 75FCE5012AA5002F00A53774 /* DoubledSlider.swift */; };
		75FCE5142AA5002F00A53774 /* CheckBox.swift in Sources */ = {isa = PBXBuildFile; fileRef = 75FCE5022AA5002F00A53774 /* CheckBox.swift */; };
		75FCE5232AA5003F00A53774 /* NetworkRouter.swift in Sources */ = {isa = PBXBuildFile; fileRef = 75FCE5182AA5003F00A53774 /* NetworkRouter.swift */; };
		75FCE5242AA5003F00A53774 /* NetworkResponse.swift in Sources */ = {isa = PBXBuildFile; fileRef = 75FCE5192AA5003F00A53774 /* NetworkResponse.swift */; };
		75FCE5252AA5003F00A53774 /* Result.swift in Sources */ = {isa = PBXBuildFile; fileRef = 75FCE51A2AA5003F00A53774 /* Result.swift */; };
		75FCE5262AA5003F00A53774 /* NetworkManager.swift in Sources */ = {isa = PBXBuildFile; fileRef = 75FCE51B2AA5003F00A53774 /* NetworkManager.swift */; };
		75FCE5272AA5003F00A53774 /* Response.swift in Sources */ = {isa = PBXBuildFile; fileRef = 75FCE51C2AA5003F00A53774 /* Response.swift */; };
		75FCE5282AA5003F00A53774 /* Observable.swift in Sources */ = {isa = PBXBuildFile; fileRef = 75FCE51D2AA5003F00A53774 /* Observable.swift */; };
		75FCE5292AA5003F00A53774 /* Parser.swift in Sources */ = {isa = PBXBuildFile; fileRef = 75FCE51E2AA5003F00A53774 /* Parser.swift */; };
		75FCE52A2AA5003F00A53774 /* EndpointType.swift in Sources */ = {isa = PBXBuildFile; fileRef = 75FCE51F2AA5003F00A53774 /* EndpointType.swift */; };
		75FCE52B2AA5003F00A53774 /* Endpoints.swift in Sources */ = {isa = PBXBuildFile; fileRef = 75FCE5212AA5003F00A53774 /* Endpoints.swift */; };
		75FCE52C2AA5003F00A53774 /* ParseManager.swift in Sources */ = {isa = PBXBuildFile; fileRef = 75FCE5222AA5003F00A53774 /* ParseManager.swift */; };
/* End PBXBuildFile section */

/* Begin PBXFileReference section */
		001930A220D01D462B1D5807 /* Pods_CSGO_polygon.framework */ = {isa = PBXFileReference; explicitFileType = wrapper.framework; includeInIndex = 0; path = Pods_CSGO_polygon.framework; sourceTree = BUILT_PRODUCTS_DIR; };
		344E095B32BAE2FACEE88935 /* Pods-CSGO-polygon.release.xcconfig */ = {isa = PBXFileReference; includeInIndex = 1; lastKnownFileType = text.xcconfig; name = "Pods-CSGO-polygon.release.xcconfig"; path = "Target Support Files/Pods-CSGO-polygon/Pods-CSGO-polygon.release.xcconfig"; sourceTree = "<group>"; };
		754855212AB24F94002FF82B /* NewsModel.swift */ = {isa = PBXFileReference; lastKnownFileType = sourcecode.swift; path = NewsModel.swift; sourceTree = "<group>"; };
		754855232AB250E3002FF82B /* NewsViewModel.swift */ = {isa = PBXFileReference; lastKnownFileType = sourcecode.swift; path = NewsViewModel.swift; sourceTree = "<group>"; };
		758021BF2AABE4A90094802F /* TabBarController.swift */ = {isa = PBXFileReference; lastKnownFileType = sourcecode.swift; path = TabBarController.swift; sourceTree = "<group>"; };
		758021C22AABEBCC0094802F /* NewsViewController.swift */ = {isa = PBXFileReference; lastKnownFileType = sourcecode.swift; path = NewsViewController.swift; sourceTree = "<group>"; };
		758021C52AABECA70094802F /* NewsCell.swift */ = {isa = PBXFileReference; lastKnownFileType = sourcecode.swift; path = NewsCell.swift; sourceTree = "<group>"; };
		758021C72AABEEFD0094802F /* RosterViewController.swift */ = {isa = PBXFileReference; lastKnownFileType = sourcecode.swift; path = RosterViewController.swift; sourceTree = "<group>"; };
		75B199E82AA105F5008FD945 /* CSGO-polygon.app */ = {isa = PBXFileReference; explicitFileType = wrapper.application; includeInIndex = 0; path = "CSGO-polygon.app"; sourceTree = BUILT_PRODUCTS_DIR; };
		75B199EB2AA105F5008FD945 /* AppDelegate.swift */ = {isa = PBXFileReference; lastKnownFileType = sourcecode.swift; path = AppDelegate.swift; sourceTree = "<group>"; };
		75B199F52AA105F5008FD945 /* CSGO_polygon.xcdatamodel */ = {isa = PBXFileReference; lastKnownFileType = wrapper.xcdatamodel; path = CSGO_polygon.xcdatamodel; sourceTree = "<group>"; };
		75B199F72AA105F7008FD945 /* Assets.xcassets */ = {isa = PBXFileReference; lastKnownFileType = folder.assetcatalog; path = Assets.xcassets; sourceTree = "<group>"; };
		75B199FA2AA105F7008FD945 /* Base */ = {isa = PBXFileReference; lastKnownFileType = file.storyboard; name = Base; path = Base.lproj/LaunchScreen.storyboard; sourceTree = "<group>"; };
		75B199FC2AA105F7008FD945 /* Info.plist */ = {isa = PBXFileReference; lastKnownFileType = text.plist.xml; path = Info.plist; sourceTree = "<group>"; };
		75B19A022AA106C3008FD945 /* AppCenter.swift */ = {isa = PBXFileReference; lastKnownFileType = sourcecode.swift; path = AppCenter.swift; sourceTree = "<group>"; };
		75B19A062AA10727008FD945 /* Controller+Extensions.swift */ = {isa = PBXFileReference; lastKnownFileType = sourcecode.swift; path = "Controller+Extensions.swift"; sourceTree = "<group>"; };
		75B19A092AA10761008FD945 /* UserManager.swift */ = {isa = PBXFileReference; lastKnownFileType = sourcecode.swift; path = UserManager.swift; sourceTree = "<group>"; };
		75B19A0B2AA10811008FD945 /* ApiRoutes.swift */ = {isa = PBXFileReference; lastKnownFileType = sourcecode.swift; path = ApiRoutes.swift; sourceTree = "<group>"; };
		75B19A0D2AA10827008FD945 /* LoaderView.swift */ = {isa = PBXFileReference; lastKnownFileType = sourcecode.swift; path = LoaderView.swift; sourceTree = "<group>"; };
		75B19A0F2AA108A4008FD945 /* Router.swift */ = {isa = PBXFileReference; lastKnownFileType = sourcecode.swift; path = Router.swift; sourceTree = "<group>"; };
		75B19A112AA108C8008FD945 /* FileHelper.swift */ = {isa = PBXFileReference; lastKnownFileType = sourcecode.swift; path = FileHelper.swift; sourceTree = "<group>"; };
		75FCE47E2AA2898600A53774 /* Extensions.swift */ = {isa = PBXFileReference; lastKnownFileType = sourcecode.swift; path = Extensions.swift; sourceTree = "<group>"; };
		75FCE4802AA28A9000A53774 /* RosterCell.swift */ = {isa = PBXFileReference; lastKnownFileType = sourcecode.swift; path = RosterCell.swift; sourceTree = "<group>"; };
		75FCE4822AA28C0D00A53774 /* Loopable.swift */ = {isa = PBXFileReference; lastKnownFileType = sourcecode.swift; path = Loopable.swift; sourceTree = "<group>"; };
		75FCE4882AA369B600A53774 /* RosterViewModel.swift */ = {isa = PBXFileReference; lastKnownFileType = sourcecode.swift; path = RosterViewModel.swift; sourceTree = "<group>"; };
		75FCE48A2AA36A0500A53774 /* PlayersModel.swift */ = {isa = PBXFileReference; lastKnownFileType = sourcecode.swift; path = PlayersModel.swift; sourceTree = "<group>"; };
		75FCE4CE2AA3A4F900A53774 /* Enums.swift */ = {isa = PBXFileReference; fileEncoding = 4; lastKnownFileType = sourcecode.swift; path = Enums.swift; sourceTree = "<group>"; };
		75FCE4D02AA3A4F900A53774 /* ColorsConstants.swift */ = {isa = PBXFileReference; fileEncoding = 4; lastKnownFileType = sourcecode.swift; path = ColorsConstants.swift; sourceTree = "<group>"; };
		75FCE4D12AA3A4F900A53774 /* FontConstants.swift */ = {isa = PBXFileReference; fileEncoding = 4; lastKnownFileType = sourcecode.swift; path = FontConstants.swift; sourceTree = "<group>"; };
		75FCE4D42AA3A4F900A53774 /* AirbnbCereal_W_XBd.otf */ = {isa = PBXFileReference; lastKnownFileType = file; path = AirbnbCereal_W_XBd.otf; sourceTree = "<group>"; };
		75FCE4D52AA3A4F900A53774 /* AirbnbCereal_W_Blk.otf */ = {isa = PBXFileReference; lastKnownFileType = file; path = AirbnbCereal_W_Blk.otf; sourceTree = "<group>"; };
		75FCE4D62AA3A4F900A53774 /* AirbnbCereal_W_Md.otf */ = {isa = PBXFileReference; lastKnownFileType = file; path = AirbnbCereal_W_Md.otf; sourceTree = "<group>"; };
		75FCE4D72AA3A4F900A53774 /* AirbnbCereal_W_Bk.otf */ = {isa = PBXFileReference; lastKnownFileType = file; path = AirbnbCereal_W_Bk.otf; sourceTree = "<group>"; };
		75FCE4D82AA3A4F900A53774 /* AirbnbCereal_W_Lt.otf */ = {isa = PBXFileReference; lastKnownFileType = file; path = AirbnbCereal_W_Lt.otf; sourceTree = "<group>"; };
		75FCE4D92AA3A4F900A53774 /* AirbnbCereal_W_Bd.otf */ = {isa = PBXFileReference; lastKnownFileType = file; path = AirbnbCereal_W_Bd.otf; sourceTree = "<group>"; };
		75FCE4DB2AA3A4F900A53774 /* Inter-Medium.ttf */ = {isa = PBXFileReference; lastKnownFileType = file; path = "Inter-Medium.ttf"; sourceTree = "<group>"; };
		75FCE4DC2AA3A4F900A53774 /* Inter-Bold.ttf */ = {isa = PBXFileReference; lastKnownFileType = file; path = "Inter-Bold.ttf"; sourceTree = "<group>"; };
		75FCE4DD2AA3A4F900A53774 /* Inter-Regular.ttf */ = {isa = PBXFileReference; lastKnownFileType = file; path = "Inter-Regular.ttf"; sourceTree = "<group>"; };
		75FCE4DE2AA3A4F900A53774 /* Inter-SemiBold.ttf */ = {isa = PBXFileReference; lastKnownFileType = file; path = "Inter-SemiBold.ttf"; sourceTree = "<group>"; };
		75FCE4EF2AA5002E00A53774 /* NotAccountButton.swift */ = {isa = PBXFileReference; fileEncoding = 4; lastKnownFileType = sourcecode.swift; path = NotAccountButton.swift; sourceTree = "<group>"; };
		75FCE4F02AA5002E00A53774 /* SocialNetButton.swift */ = {isa = PBXFileReference; fileEncoding = 4; lastKnownFileType = sourcecode.swift; path = SocialNetButton.swift; sourceTree = "<group>"; };
		75FCE4F12AA5002F00A53774 /* ContainsButton.swift */ = {isa = PBXFileReference; fileEncoding = 4; lastKnownFileType = sourcecode.swift; path = ContainsButton.swift; sourceTree = "<group>"; };
		75FCE4F22AA5002F00A53774 /* SecondaryButton.swift */ = {isa = PBXFileReference; fileEncoding = 4; lastKnownFileType = sourcecode.swift; path = SecondaryButton.swift; sourceTree = "<group>"; };
		75FCE4F32AA5002F00A53774 /* BaseButton.swift */ = {isa = PBXFileReference; fileEncoding = 4; lastKnownFileType = sourcecode.swift; path = BaseButton.swift; sourceTree = "<group>"; };
		75FCE4F52AA5002F00A53774 /* CodeView.swift */ = {isa = PBXFileReference; fileEncoding = 4; lastKnownFileType = sourcecode.swift; path = CodeView.swift; sourceTree = "<group>"; };
		75FCE4F62AA5002F00A53774 /* BaseTextField.swift */ = {isa = PBXFileReference; fileEncoding = 4; lastKnownFileType = sourcecode.swift; path = BaseTextField.swift; sourceTree = "<group>"; };
		75FCE4F72AA5002F00A53774 /* BaseController.swift */ = {isa = PBXFileReference; fileEncoding = 4; lastKnownFileType = sourcecode.swift; path = BaseController.swift; sourceTree = "<group>"; };
		75FCE4F82AA5002F00A53774 /* DynamicSizeTableView.swift */ = {isa = PBXFileReference; fileEncoding = 4; lastKnownFileType = sourcecode.swift; path = DynamicSizeTableView.swift; sourceTree = "<group>"; };
		75FCE4F92AA5002F00A53774 /* SocialNetImageButton.swift */ = {isa = PBXFileReference; fileEncoding = 4; lastKnownFileType = sourcecode.swift; path = SocialNetImageButton.swift; sourceTree = "<group>"; };
		75FCE4FA2AA5002F00A53774 /* DynamicSizeCollectionView.swift */ = {isa = PBXFileReference; fileEncoding = 4; lastKnownFileType = sourcecode.swift; path = DynamicSizeCollectionView.swift; sourceTree = "<group>"; };
		75FCE5002AA5002F00A53774 /* RTLCollectionViewFlowLayout.swift */ = {isa = PBXFileReference; fileEncoding = 4; lastKnownFileType = sourcecode.swift; path = RTLCollectionViewFlowLayout.swift; sourceTree = "<group>"; };
		75FCE5012AA5002F00A53774 /* DoubledSlider.swift */ = {isa = PBXFileReference; fileEncoding = 4; lastKnownFileType = sourcecode.swift; path = DoubledSlider.swift; sourceTree = "<group>"; };
		75FCE5022AA5002F00A53774 /* CheckBox.swift */ = {isa = PBXFileReference; fileEncoding = 4; lastKnownFileType = sourcecode.swift; path = CheckBox.swift; sourceTree = "<group>"; };
		75FCE5182AA5003F00A53774 /* NetworkRouter.swift */ = {isa = PBXFileReference; fileEncoding = 4; lastKnownFileType = sourcecode.swift; path = NetworkRouter.swift; sourceTree = "<group>"; };
		75FCE5192AA5003F00A53774 /* NetworkResponse.swift */ = {isa = PBXFileReference; fileEncoding = 4; lastKnownFileType = sourcecode.swift; path = NetworkResponse.swift; sourceTree = "<group>"; };
		75FCE51A2AA5003F00A53774 /* Result.swift */ = {isa = PBXFileReference; fileEncoding = 4; lastKnownFileType = sourcecode.swift; path = Result.swift; sourceTree = "<group>"; };
		75FCE51B2AA5003F00A53774 /* NetworkManager.swift */ = {isa = PBXFileReference; fileEncoding = 4; lastKnownFileType = sourcecode.swift; path = NetworkManager.swift; sourceTree = "<group>"; };
		75FCE51C2AA5003F00A53774 /* Response.swift */ = {isa = PBXFileReference; fileEncoding = 4; lastKnownFileType = sourcecode.swift; path = Response.swift; sourceTree = "<group>"; };
		75FCE51D2AA5003F00A53774 /* Observable.swift */ = {isa = PBXFileReference; fileEncoding = 4; lastKnownFileType = sourcecode.swift; path = Observable.swift; sourceTree = "<group>"; };
		75FCE51E2AA5003F00A53774 /* Parser.swift */ = {isa = PBXFileReference; fileEncoding = 4; lastKnownFileType = sourcecode.swift; path = Parser.swift; sourceTree = "<group>"; };
		75FCE51F2AA5003F00A53774 /* EndpointType.swift */ = {isa = PBXFileReference; fileEncoding = 4; lastKnownFileType = sourcecode.swift; path = EndpointType.swift; sourceTree = "<group>"; };
		75FCE5212AA5003F00A53774 /* Endpoints.swift */ = {isa = PBXFileReference; fileEncoding = 4; lastKnownFileType = sourcecode.swift; path = Endpoints.swift; sourceTree = "<group>"; };
		75FCE5222AA5003F00A53774 /* ParseManager.swift */ = {isa = PBXFileReference; fileEncoding = 4; lastKnownFileType = sourcecode.swift; path = ParseManager.swift; sourceTree = "<group>"; };
		A4FBFEAB39E4181D16EBE2EC /* Pods-CSGO-polygon.debug.xcconfig */ = {isa = PBXFileReference; includeInIndex = 1; lastKnownFileType = text.xcconfig; name = "Pods-CSGO-polygon.debug.xcconfig"; path = "Target Support Files/Pods-CSGO-polygon/Pods-CSGO-polygon.debug.xcconfig"; sourceTree = "<group>"; };
/* End PBXFileReference section */

/* Begin PBXFrameworksBuildPhase section */
		75B199E52AA105F5008FD945 /* Frameworks */ = {
			isa = PBXFrameworksBuildPhase;
			buildActionMask = 2147483647;
			files = (
				6DC9B436A51EB645FE4EF300 /* Pods_CSGO_polygon.framework in Frameworks */,
			);
			runOnlyForDeploymentPostprocessing = 0;
		};
/* End PBXFrameworksBuildPhase section */

/* Begin PBXGroup section */
		4F6534BA9363E0957A1BA3C6 /* Pods */ = {
			isa = PBXGroup;
			children = (
				A4FBFEAB39E4181D16EBE2EC /* Pods-CSGO-polygon.debug.xcconfig */,
				344E095B32BAE2FACEE88935 /* Pods-CSGO-polygon.release.xcconfig */,
			);
			path = Pods;
			sourceTree = "<group>";
		};
		754855202AB24F1B002FF82B /* Model */ = {
			isa = PBXGroup;
			children = (
				754855212AB24F94002FF82B /* NewsModel.swift */,
			);
			path = Model;
			sourceTree = "<group>";
		};
		758021BE2AABE48F0094802F /* TabBar */ = {
			isa = PBXGroup;
			children = (
				758021BF2AABE4A90094802F /* TabBarController.swift */,
			);
			path = TabBar;
			sourceTree = "<group>";
		};
		758021C12AABEBBB0094802F /* News */ = {
			isa = PBXGroup;
			children = (
				758021C22AABEBCC0094802F /* NewsViewController.swift */,
				754855232AB250E3002FF82B /* NewsViewModel.swift */,
				754855202AB24F1B002FF82B /* Model */,
				758021C42AABEC320094802F /* Cell */,
			);
			path = News;
			sourceTree = "<group>";
		};
		758021C42AABEC320094802F /* Cell */ = {
			isa = PBXGroup;
			children = (
				758021C52AABECA70094802F /* NewsCell.swift */,
			);
			path = Cell;
			sourceTree = "<group>";
		};
		75B199DF2AA105F4008FD945 = {
			isa = PBXGroup;
			children = (
				75B199EA2AA105F5008FD945 /* CSGO-polygon */,
				75B199E92AA105F5008FD945 /* Products */,
				4F6534BA9363E0957A1BA3C6 /* Pods */,
				FE2D4C722C49E7B7182E5C5B /* Frameworks */,
			);
			sourceTree = "<group>";
		};
		75B199E92AA105F5008FD945 /* Products */ = {
			isa = PBXGroup;
			children = (
				75B199E82AA105F5008FD945 /* CSGO-polygon.app */,
			);
			name = Products;
			sourceTree = "<group>";
		};
		75B199EA2AA105F5008FD945 /* CSGO-polygon */ = {
			isa = PBXGroup;
			children = (
				75FCE5162AA5003F00A53774 /* API */,
				75FCE4ED2AA5002E00A53774 /* Base */,
				75B19A042AA106EA008FD945 /* Source */,
				75B19A152AA109A7008FD945 /* Modules */,
				75B199F72AA105F7008FD945 /* Assets.xcassets */,
				75B199F92AA105F7008FD945 /* LaunchScreen.storyboard */,
				75B199FC2AA105F7008FD945 /* Info.plist */,
				75B199F42AA105F5008FD945 /* CSGO_polygon.xcdatamodeld */,
				75B19A022AA106C3008FD945 /* AppCenter.swift */,
				75B199EB2AA105F5008FD945 /* AppDelegate.swift */,
				75FCE47E2AA2898600A53774 /* Extensions.swift */,
			);
			path = "CSGO-polygon";
			sourceTree = "<group>";
		};
		75B19A042AA106EA008FD945 /* Source */ = {
			isa = PBXGroup;
			children = (
				75FCE4CC2AA3A4F900A53774 /* Core */,
				75B19A092AA10761008FD945 /* UserManager.swift */,
				75B19A0B2AA10811008FD945 /* ApiRoutes.swift */,
				75B19A0D2AA10827008FD945 /* LoaderView.swift */,
				75B19A0F2AA108A4008FD945 /* Router.swift */,
				75B19A112AA108C8008FD945 /* FileHelper.swift */,
				75B19A052AA10714008FD945 /* Extensions */,
				75FCE4822AA28C0D00A53774 /* Loopable.swift */,
			);
			path = Source;
			sourceTree = "<group>";
		};
		75B19A052AA10714008FD945 /* Extensions */ = {
			isa = PBXGroup;
			children = (
				75B19A062AA10727008FD945 /* Controller+Extensions.swift */,
			);
			path = Extensions;
			sourceTree = "<group>";
		};
		75B19A152AA109A7008FD945 /* Modules */ = {
			isa = PBXGroup;
			children = (
				758021C12AABEBBB0094802F /* News */,
				758021BE2AABE48F0094802F /* TabBar */,
				75B19A162AA109BA008FD945 /* Roster */,
			);
			path = Modules;
			sourceTree = "<group>";
		};
		75B19A162AA109BA008FD945 /* Roster */ = {
			isa = PBXGroup;
			children = (
				75FCE4802AA28A9000A53774 /* RosterCell.swift */,
				75FCE4882AA369B600A53774 /* RosterViewModel.swift */,
				75FCE48A2AA36A0500A53774 /* PlayersModel.swift */,
				758021C72AABEEFD0094802F /* RosterViewController.swift */,
			);
			path = Roster;
			sourceTree = "<group>";
		};
		75FCE4CC2AA3A4F900A53774 /* Core */ = {
			isa = PBXGroup;
			children = (
				75FCE4CD2AA3A4F900A53774 /* Constants */,
				75FCE4D22AA3A4F900A53774 /* Fonts */,
			);
			name = Core;
			path = ../../../Core;
			sourceTree = "<group>";
		};
		75FCE4CD2AA3A4F900A53774 /* Constants */ = {
			isa = PBXGroup;
			children = (
				75FCE4CE2AA3A4F900A53774 /* Enums.swift */,
				75FCE4D02AA3A4F900A53774 /* ColorsConstants.swift */,
				75FCE4D12AA3A4F900A53774 /* FontConstants.swift */,
			);
			path = Constants;
			sourceTree = "<group>";
		};
		75FCE4D22AA3A4F900A53774 /* Fonts */ = {
			isa = PBXGroup;
			children = (
				75FCE4D32AA3A4F900A53774 /* AirbnbCereal */,
				75FCE4DA2AA3A4F900A53774 /* Inter */,
			);
			path = Fonts;
			sourceTree = "<group>";
		};
		75FCE4D32AA3A4F900A53774 /* AirbnbCereal */ = {
			isa = PBXGroup;
			children = (
				75FCE4D42AA3A4F900A53774 /* AirbnbCereal_W_XBd.otf */,
				75FCE4D52AA3A4F900A53774 /* AirbnbCereal_W_Blk.otf */,
				75FCE4D62AA3A4F900A53774 /* AirbnbCereal_W_Md.otf */,
				75FCE4D72AA3A4F900A53774 /* AirbnbCereal_W_Bk.otf */,
				75FCE4D82AA3A4F900A53774 /* AirbnbCereal_W_Lt.otf */,
				75FCE4D92AA3A4F900A53774 /* AirbnbCereal_W_Bd.otf */,
			);
			path = AirbnbCereal;
			sourceTree = "<group>";
		};
		75FCE4DA2AA3A4F900A53774 /* Inter */ = {
			isa = PBXGroup;
			children = (
				75FCE4DB2AA3A4F900A53774 /* Inter-Medium.ttf */,
				75FCE4DC2AA3A4F900A53774 /* Inter-Bold.ttf */,
				75FCE4DD2AA3A4F900A53774 /* Inter-Regular.ttf */,
				75FCE4DE2AA3A4F900A53774 /* Inter-SemiBold.ttf */,
			);
			path = Inter;
			sourceTree = "<group>";
		};
		75FCE4ED2AA5002E00A53774 /* Base */ = {
			isa = PBXGroup;
			children = (
				75FCE4EE2AA5002E00A53774 /* Buttons */,
				75FCE4F42AA5002F00A53774 /* TextFields */,
				75FCE4F72AA5002F00A53774 /* BaseController.swift */,
				75FCE4F82AA5002F00A53774 /* DynamicSizeTableView.swift */,
				75FCE4F92AA5002F00A53774 /* SocialNetImageButton.swift */,
				75FCE4FA2AA5002F00A53774 /* DynamicSizeCollectionView.swift */,
				75FCE4FB2AA5002F00A53774 /* Views */,
			);
			path = Base;
			sourceTree = "<group>";
		};
		75FCE4EE2AA5002E00A53774 /* Buttons */ = {
			isa = PBXGroup;
			children = (
				75FCE4EF2AA5002E00A53774 /* NotAccountButton.swift */,
				75FCE4F02AA5002E00A53774 /* SocialNetButton.swift */,
				75FCE4F12AA5002F00A53774 /* ContainsButton.swift */,
				75FCE4F22AA5002F00A53774 /* SecondaryButton.swift */,
				75FCE4F32AA5002F00A53774 /* BaseButton.swift */,
			);
			path = Buttons;
			sourceTree = "<group>";
		};
		75FCE4F42AA5002F00A53774 /* TextFields */ = {
			isa = PBXGroup;
			children = (
				75FCE4F52AA5002F00A53774 /* CodeView.swift */,
				75FCE4F62AA5002F00A53774 /* BaseTextField.swift */,
			);
			path = TextFields;
			sourceTree = "<group>";
		};
		75FCE4FB2AA5002F00A53774 /* Views */ = {
			isa = PBXGroup;
			children = (
				75FCE5002AA5002F00A53774 /* RTLCollectionViewFlowLayout.swift */,
				75FCE5012AA5002F00A53774 /* DoubledSlider.swift */,
				75FCE5022AA5002F00A53774 /* CheckBox.swift */,
			);
			path = Views;
			sourceTree = "<group>";
		};
		75FCE5162AA5003F00A53774 /* API */ = {
			isa = PBXGroup;
			children = (
				75FCE5172AA5003F00A53774 /* NetworkManager */,
				75FCE5202AA5003F00A53774 /* Parser */,
			);
			path = API;
			sourceTree = "<group>";
		};
		75FCE5172AA5003F00A53774 /* NetworkManager */ = {
			isa = PBXGroup;
			children = (
				75FCE5182AA5003F00A53774 /* NetworkRouter.swift */,
				75FCE5192AA5003F00A53774 /* NetworkResponse.swift */,
				75FCE51A2AA5003F00A53774 /* Result.swift */,
				75FCE51B2AA5003F00A53774 /* NetworkManager.swift */,
				75FCE51C2AA5003F00A53774 /* Response.swift */,
				75FCE51D2AA5003F00A53774 /* Observable.swift */,
				75FCE51E2AA5003F00A53774 /* Parser.swift */,
				75FCE51F2AA5003F00A53774 /* EndpointType.swift */,
			);
			path = NetworkManager;
			sourceTree = "<group>";
		};
		75FCE5202AA5003F00A53774 /* Parser */ = {
			isa = PBXGroup;
			children = (
				75FCE5212AA5003F00A53774 /* Endpoints.swift */,
				75FCE5222AA5003F00A53774 /* ParseManager.swift */,
			);
			path = Parser;
			sourceTree = "<group>";
		};
		FE2D4C722C49E7B7182E5C5B /* Frameworks */ = {
			isa = PBXGroup;
			children = (
				001930A220D01D462B1D5807 /* Pods_CSGO_polygon.framework */,
			);
			name = Frameworks;
			sourceTree = "<group>";
		};
/* End PBXGroup section */

/* Begin PBXNativeTarget section */
		75B199E72AA105F5008FD945 /* CSGO-polygon */ = {
			isa = PBXNativeTarget;
			buildConfigurationList = 75B199FF2AA105F7008FD945 /* Build configuration list for PBXNativeTarget "CSGO-polygon" */;
			buildPhases = (
				0BCECA7FBD254C115D3342AF /* [CP] Check Pods Manifest.lock */,
				75B199E42AA105F5008FD945 /* Sources */,
				75B199E52AA105F5008FD945 /* Frameworks */,
				75B199E62AA105F5008FD945 /* Resources */,
				EEA6057AC66265C2F171404E /* [CP] Embed Pods Frameworks */,
			);
			buildRules = (
			);
			dependencies = (
			);
			name = "CSGO-polygon";
			productName = "CSGO-polygon";
			productReference = 75B199E82AA105F5008FD945 /* CSGO-polygon.app */;
			productType = "com.apple.product-type.application";
		};
/* End PBXNativeTarget section */

/* Begin PBXProject section */
		75B199E02AA105F4008FD945 /* Project object */ = {
			isa = PBXProject;
			attributes = {
				BuildIndependentTargetsInParallel = 1;
				LastSwiftUpdateCheck = 1420;
				LastUpgradeCheck = 1420;
				TargetAttributes = {
					75B199E72AA105F5008FD945 = {
						CreatedOnToolsVersion = 14.2;
					};
				};
			};
			buildConfigurationList = 75B199E32AA105F4008FD945 /* Build configuration list for PBXProject "CSGO-polygon" */;
			compatibilityVersion = "Xcode 14.0";
			developmentRegion = en;
			hasScannedForEncodings = 0;
			knownRegions = (
				en,
				Base,
			);
			mainGroup = 75B199DF2AA105F4008FD945;
			productRefGroup = 75B199E92AA105F5008FD945 /* Products */;
			projectDirPath = "";
			projectRoot = "";
			targets = (
				75B199E72AA105F5008FD945 /* CSGO-polygon */,
			);
		};
/* End PBXProject section */

/* Begin PBXResourcesBuildPhase section */
		75B199E62AA105F5008FD945 /* Resources */ = {
			isa = PBXResourcesBuildPhase;
			buildActionMask = 2147483647;
			files = (
				75FCE4EC2AA3A4F900A53774 /* Inter-SemiBold.ttf in Resources */,
				75FCE4E62AA3A4F900A53774 /* AirbnbCereal_W_Bk.otf in Resources */,
				75FCE4E82AA3A4F900A53774 /* AirbnbCereal_W_Bd.otf in Resources */,
				75FCE4E72AA3A4F900A53774 /* AirbnbCereal_W_Lt.otf in Resources */,
				75FCE4E32AA3A4F900A53774 /* AirbnbCereal_W_XBd.otf in Resources */,
				75FCE4E42AA3A4F900A53774 /* AirbnbCereal_W_Blk.otf in Resources */,
				75B199FB2AA105F7008FD945 /* LaunchScreen.storyboard in Resources */,
				75FCE4EA2AA3A4F900A53774 /* Inter-Bold.ttf in Resources */,
				75B199F82AA105F7008FD945 /* Assets.xcassets in Resources */,
				75FCE4EB2AA3A4F900A53774 /* Inter-Regular.ttf in Resources */,
				75FCE4E52AA3A4F900A53774 /* AirbnbCereal_W_Md.otf in Resources */,
				75FCE4E92AA3A4F900A53774 /* Inter-Medium.ttf in Resources */,
			);
			runOnlyForDeploymentPostprocessing = 0;
		};
/* End PBXResourcesBuildPhase section */

/* Begin PBXShellScriptBuildPhase section */
		0BCECA7FBD254C115D3342AF /* [CP] Check Pods Manifest.lock */ = {
			isa = PBXShellScriptBuildPhase;
			buildActionMask = 2147483647;
			files = (
			);
			inputFileListPaths = (
			);
			inputPaths = (
				"${PODS_PODFILE_DIR_PATH}/Podfile.lock",
				"${PODS_ROOT}/Manifest.lock",
			);
			name = "[CP] Check Pods Manifest.lock";
			outputFileListPaths = (
			);
			outputPaths = (
				"$(DERIVED_FILE_DIR)/Pods-CSGO-polygon-checkManifestLockResult.txt",
			);
			runOnlyForDeploymentPostprocessing = 0;
			shellPath = /bin/sh;
			shellScript = "diff \"${PODS_PODFILE_DIR_PATH}/Podfile.lock\" \"${PODS_ROOT}/Manifest.lock\" > /dev/null\nif [ $? != 0 ] ; then\n    # print error to STDERR\n    echo \"error: The sandbox is not in sync with the Podfile.lock. Run 'pod install' or update your CocoaPods installation.\" >&2\n    exit 1\nfi\n# This output is used by Xcode 'outputs' to avoid re-running this script phase.\necho \"SUCCESS\" > \"${SCRIPT_OUTPUT_FILE_0}\"\n";
			showEnvVarsInLog = 0;
		};
		EEA6057AC66265C2F171404E /* [CP] Embed Pods Frameworks */ = {
			isa = PBXShellScriptBuildPhase;
			buildActionMask = 2147483647;
			files = (
			);
			inputFileListPaths = (
				"${PODS_ROOT}/Target Support Files/Pods-CSGO-polygon/Pods-CSGO-polygon-frameworks-${CONFIGURATION}-input-files.xcfilelist",
			);
			name = "[CP] Embed Pods Frameworks";
			outputFileListPaths = (
				"${PODS_ROOT}/Target Support Files/Pods-CSGO-polygon/Pods-CSGO-polygon-frameworks-${CONFIGURATION}-output-files.xcfilelist",
			);
			runOnlyForDeploymentPostprocessing = 0;
			shellPath = /bin/sh;
			shellScript = "\"${PODS_ROOT}/Target Support Files/Pods-CSGO-polygon/Pods-CSGO-polygon-frameworks.sh\"\n";
			showEnvVarsInLog = 0;
		};
/* End PBXShellScriptBuildPhase section */

/* Begin PBXSourcesBuildPhase section */
		75B199E42AA105F5008FD945 /* Sources */ = {
			isa = PBXSourcesBuildPhase;
			buildActionMask = 2147483647;
			files = (
				75FCE5072AA5002F00A53774 /* SecondaryButton.swift in Sources */,
				75B199F62AA105F5008FD945 /* CSGO_polygon.xcdatamodeld in Sources */,
				75FCE5232AA5003F00A53774 /* NetworkRouter.swift in Sources */,
				75FCE4812AA28A9000A53774 /* RosterCell.swift in Sources */,
				75FCE4E22AA3A4F900A53774 /* FontConstants.swift in Sources */,
				75FCE4E12AA3A4F900A53774 /* ColorsConstants.swift in Sources */,
				75FCE5062AA5002F00A53774 /* ContainsButton.swift in Sources */,
				75FCE52A2AA5003F00A53774 /* EndpointType.swift in Sources */,
				75FCE5042AA5002F00A53774 /* NotAccountButton.swift in Sources */,
				75B19A072AA10727008FD945 /* Controller+Extensions.swift in Sources */,
				75FCE5282AA5003F00A53774 /* Observable.swift in Sources */,
				75FCE5052AA5002F00A53774 /* SocialNetButton.swift in Sources */,
				75FCE5262AA5003F00A53774 /* NetworkManager.swift in Sources */,
				75FCE5082AA5002F00A53774 /* BaseButton.swift in Sources */,
				75FCE4DF2AA3A4F900A53774 /* Enums.swift in Sources */,
				758021C32AABEBCC0094802F /* NewsViewController.swift in Sources */,
				75FCE5292AA5003F00A53774 /* Parser.swift in Sources */,
				75FCE5242AA5003F00A53774 /* NetworkResponse.swift in Sources */,
				75B19A102AA108A4008FD945 /* Router.swift in Sources */,
				75B19A0A2AA10761008FD945 /* UserManager.swift in Sources */,
				75FCE4892AA369B600A53774 /* RosterViewModel.swift in Sources */,
				75FCE47F2AA2898600A53774 /* Extensions.swift in Sources */,
				75FCE5092AA5002F00A53774 /* CodeView.swift in Sources */,
				75FCE5132AA5002F00A53774 /* DoubledSlider.swift in Sources */,
				754855222AB24F94002FF82B /* NewsModel.swift in Sources */,
				75FCE50B2AA5002F00A53774 /* BaseController.swift in Sources */,
				75B19A122AA108C8008FD945 /* FileHelper.swift in Sources */,
				758021C02AABE4A90094802F /* TabBarController.swift in Sources */,
				75FCE50A2AA5002F00A53774 /* BaseTextField.swift in Sources */,
				75B199EC2AA105F5008FD945 /* AppDelegate.swift in Sources */,
				75FCE5252AA5003F00A53774 /* Result.swift in Sources */,
				75FCE5142AA5002F00A53774 /* CheckBox.swift in Sources */,
				75FCE50E2AA5002F00A53774 /* DynamicSizeCollectionView.swift in Sources */,
				75FCE52B2AA5003F00A53774 /* Endpoints.swift in Sources */,
				75FCE50C2AA5002F00A53774 /* DynamicSizeTableView.swift in Sources */,
				75FCE5272AA5003F00A53774 /* Response.swift in Sources */,
				758021C82AABEEFD0094802F /* RosterViewController.swift in Sources */,
				758021C62AABECA70094802F /* NewsCell.swift in Sources */,
				75B19A0C2AA10811008FD945 /* ApiRoutes.swift in Sources */,
				75FCE5122AA5002F00A53774 /* RTLCollectionViewFlowLayout.swift in Sources */,
				75FCE52C2AA5003F00A53774 /* ParseManager.swift in Sources */,
				754855242AB250E3002FF82B /* NewsViewModel.swift in Sources */,
				75FCE4832AA28C0D00A53774 /* Loopable.swift in Sources */,
				75B19A032AA106C4008FD945 /* AppCenter.swift in Sources */,
				75FCE48B2AA36A0500A53774 /* PlayersModel.swift in Sources */,
				75FCE50D2AA5002F00A53774 /* SocialNetImageButton.swift in Sources */,
				75B19A0E2AA10827008FD945 /* LoaderView.swift in Sources */,
			);
			runOnlyForDeploymentPostprocessing = 0;
		};
/* End PBXSourcesBuildPhase section */

/* Begin PBXVariantGroup section */
		75B199F92AA105F7008FD945 /* LaunchScreen.storyboard */ = {
			isa = PBXVariantGroup;
			children = (
				75B199FA2AA105F7008FD945 /* Base */,
			);
			name = LaunchScreen.storyboard;
			sourceTree = "<group>";
		};
/* End PBXVariantGroup section */

/* Begin XCBuildConfiguration section */
		75B199FD2AA105F7008FD945 /* Debug */ = {
			isa = XCBuildConfiguration;
			buildSettings = {
				ALWAYS_SEARCH_USER_PATHS = NO;
				CLANG_ANALYZER_NONNULL = YES;
				CLANG_ANALYZER_NUMBER_OBJECT_CONVERSION = YES_AGGRESSIVE;
				CLANG_CXX_LANGUAGE_STANDARD = "gnu++20";
				CLANG_ENABLE_MODULES = YES;
				CLANG_ENABLE_OBJC_ARC = YES;
				CLANG_ENABLE_OBJC_WEAK = YES;
				CLANG_WARN_BLOCK_CAPTURE_AUTORELEASING = YES;
				CLANG_WARN_BOOL_CONVERSION = YES;
				CLANG_WARN_COMMA = YES;
				CLANG_WARN_CONSTANT_CONVERSION = YES;
				CLANG_WARN_DEPRECATED_OBJC_IMPLEMENTATIONS = YES;
				CLANG_WARN_DIRECT_OBJC_ISA_USAGE = YES_ERROR;
				CLANG_WARN_DOCUMENTATION_COMMENTS = YES;
				CLANG_WARN_EMPTY_BODY = YES;
				CLANG_WARN_ENUM_CONVERSION = YES;
				CLANG_WARN_INFINITE_RECURSION = YES;
				CLANG_WARN_INT_CONVERSION = YES;
				CLANG_WARN_NON_LITERAL_NULL_CONVERSION = YES;
				CLANG_WARN_OBJC_IMPLICIT_RETAIN_SELF = YES;
				CLANG_WARN_OBJC_LITERAL_CONVERSION = YES;
				CLANG_WARN_OBJC_ROOT_CLASS = YES_ERROR;
				CLANG_WARN_QUOTED_INCLUDE_IN_FRAMEWORK_HEADER = YES;
				CLANG_WARN_RANGE_LOOP_ANALYSIS = YES;
				CLANG_WARN_STRICT_PROTOTYPES = YES;
				CLANG_WARN_SUSPICIOUS_MOVE = YES;
				CLANG_WARN_UNGUARDED_AVAILABILITY = YES_AGGRESSIVE;
				CLANG_WARN_UNREACHABLE_CODE = YES;
				CLANG_WARN__DUPLICATE_METHOD_MATCH = YES;
				COPY_PHASE_STRIP = NO;
				DEBUG_INFORMATION_FORMAT = dwarf;
				ENABLE_STRICT_OBJC_MSGSEND = YES;
				ENABLE_TESTABILITY = YES;
				GCC_C_LANGUAGE_STANDARD = gnu11;
				GCC_DYNAMIC_NO_PIC = NO;
				GCC_NO_COMMON_BLOCKS = YES;
				GCC_OPTIMIZATION_LEVEL = 0;
				GCC_PREPROCESSOR_DEFINITIONS = (
					"DEBUG=1",
					"$(inherited)",
				);
				GCC_WARN_64_TO_32_BIT_CONVERSION = YES;
				GCC_WARN_ABOUT_RETURN_TYPE = YES_ERROR;
				GCC_WARN_UNDECLARED_SELECTOR = YES;
				GCC_WARN_UNINITIALIZED_AUTOS = YES_AGGRESSIVE;
				GCC_WARN_UNUSED_FUNCTION = YES;
				GCC_WARN_UNUSED_VARIABLE = YES;
				IPHONEOS_DEPLOYMENT_TARGET = 16.2;
				MTL_ENABLE_DEBUG_INFO = INCLUDE_SOURCE;
				MTL_FAST_MATH = YES;
				ONLY_ACTIVE_ARCH = YES;
				SDKROOT = iphoneos;
				SWIFT_ACTIVE_COMPILATION_CONDITIONS = DEBUG;
				SWIFT_OPTIMIZATION_LEVEL = "-Onone";
			};
			name = Debug;
		};
		75B199FE2AA105F7008FD945 /* Release */ = {
			isa = XCBuildConfiguration;
			buildSettings = {
				ALWAYS_SEARCH_USER_PATHS = NO;
				CLANG_ANALYZER_NONNULL = YES;
				CLANG_ANALYZER_NUMBER_OBJECT_CONVERSION = YES_AGGRESSIVE;
				CLANG_CXX_LANGUAGE_STANDARD = "gnu++20";
				CLANG_ENABLE_MODULES = YES;
				CLANG_ENABLE_OBJC_ARC = YES;
				CLANG_ENABLE_OBJC_WEAK = YES;
				CLANG_WARN_BLOCK_CAPTURE_AUTORELEASING = YES;
				CLANG_WARN_BOOL_CONVERSION = YES;
				CLANG_WARN_COMMA = YES;
				CLANG_WARN_CONSTANT_CONVERSION = YES;
				CLANG_WARN_DEPRECATED_OBJC_IMPLEMENTATIONS = YES;
				CLANG_WARN_DIRECT_OBJC_ISA_USAGE = YES_ERROR;
				CLANG_WARN_DOCUMENTATION_COMMENTS = YES;
				CLANG_WARN_EMPTY_BODY = YES;
				CLANG_WARN_ENUM_CONVERSION = YES;
				CLANG_WARN_INFINITE_RECURSION = YES;
				CLANG_WARN_INT_CONVERSION = YES;
				CLANG_WARN_NON_LITERAL_NULL_CONVERSION = YES;
				CLANG_WARN_OBJC_IMPLICIT_RETAIN_SELF = YES;
				CLANG_WARN_OBJC_LITERAL_CONVERSION = YES;
				CLANG_WARN_OBJC_ROOT_CLASS = YES_ERROR;
				CLANG_WARN_QUOTED_INCLUDE_IN_FRAMEWORK_HEADER = YES;
				CLANG_WARN_RANGE_LOOP_ANALYSIS = YES;
				CLANG_WARN_STRICT_PROTOTYPES = YES;
				CLANG_WARN_SUSPICIOUS_MOVE = YES;
				CLANG_WARN_UNGUARDED_AVAILABILITY = YES_AGGRESSIVE;
				CLANG_WARN_UNREACHABLE_CODE = YES;
				CLANG_WARN__DUPLICATE_METHOD_MATCH = YES;
				COPY_PHASE_STRIP = NO;
				DEBUG_INFORMATION_FORMAT = "dwarf-with-dsym";
				ENABLE_NS_ASSERTIONS = NO;
				ENABLE_STRICT_OBJC_MSGSEND = YES;
				GCC_C_LANGUAGE_STANDARD = gnu11;
				GCC_NO_COMMON_BLOCKS = YES;
				GCC_WARN_64_TO_32_BIT_CONVERSION = YES;
				GCC_WARN_ABOUT_RETURN_TYPE = YES_ERROR;
				GCC_WARN_UNDECLARED_SELECTOR = YES;
				GCC_WARN_UNINITIALIZED_AUTOS = YES_AGGRESSIVE;
				GCC_WARN_UNUSED_FUNCTION = YES;
				GCC_WARN_UNUSED_VARIABLE = YES;
				IPHONEOS_DEPLOYMENT_TARGET = 16.2;
				MTL_ENABLE_DEBUG_INFO = NO;
				MTL_FAST_MATH = YES;
				SDKROOT = iphoneos;
				SWIFT_COMPILATION_MODE = wholemodule;
				SWIFT_OPTIMIZATION_LEVEL = "-O";
				VALIDATE_PRODUCT = YES;
			};
			name = Release;
		};
		75B19A002AA105F7008FD945 /* Debug */ = {
			isa = XCBuildConfiguration;
			baseConfigurationReference = A4FBFEAB39E4181D16EBE2EC /* Pods-CSGO-polygon.debug.xcconfig */;
			buildSettings = {
				ASSETCATALOG_COMPILER_APPICON_NAME = AppIcon;
				ASSETCATALOG_COMPILER_GLOBAL_ACCENT_COLOR_NAME = AccentColor;
				CODE_SIGN_STYLE = Automatic;
				CURRENT_PROJECT_VERSION = 1;
				GENERATE_INFOPLIST_FILE = YES;
				INFOPLIST_FILE = "CSGO-polygon/Info.plist";
				INFOPLIST_KEY_UIApplicationSupportsIndirectInputEvents = YES;
				INFOPLIST_KEY_UILaunchScreen_Generation = YES;
				INFOPLIST_KEY_UILaunchStoryboardName = LaunchScreen;
				INFOPLIST_KEY_UISupportedInterfaceOrientations_iPad = "UIInterfaceOrientationPortrait UIInterfaceOrientationPortraitUpsideDown UIInterfaceOrientationLandscapeLeft UIInterfaceOrientationLandscapeRight";
				INFOPLIST_KEY_UISupportedInterfaceOrientations_iPhone = "UIInterfaceOrientationPortrait UIInterfaceOrientationLandscapeLeft UIInterfaceOrientationLandscapeRight";
				IPHONEOS_DEPLOYMENT_TARGET = 15.0;
				LD_RUNPATH_SEARCH_PATHS = (
					"$(inherited)",
					"@executable_path/Frameworks",
				);
				MARKETING_VERSION = 1.0;
				PRODUCT_BUNDLE_IDENTIFIER = "r.CSGO-polygon";
				PRODUCT_NAME = "$(TARGET_NAME)";
				SWIFT_EMIT_LOC_STRINGS = YES;
				SWIFT_VERSION = 5.0;
				TARGETED_DEVICE_FAMILY = "1,2";
			};
			name = Debug;
		};
		75B19A012AA105F7008FD945 /* Release */ = {
			isa = XCBuildConfiguration;
			baseConfigurationReference = 344E095B32BAE2FACEE88935 /* Pods-CSGO-polygon.release.xcconfig */;
			buildSettings = {
				ASSETCATALOG_COMPILER_APPICON_NAME = AppIcon;
				ASSETCATALOG_COMPILER_GLOBAL_ACCENT_COLOR_NAME = AccentColor;
				CODE_SIGN_STYLE = Automatic;
				CURRENT_PROJECT_VERSION = 1;
				GENERATE_INFOPLIST_FILE = YES;
				INFOPLIST_FILE = "CSGO-polygon/Info.plist";
				INFOPLIST_KEY_UIApplicationSupportsIndirectInputEvents = YES;
				INFOPLIST_KEY_UILaunchScreen_Generation = YES;
				INFOPLIST_KEY_UILaunchStoryboardName = LaunchScreen;
				INFOPLIST_KEY_UISupportedInterfaceOrientations_iPad = "UIInterfaceOrientationPortrait UIInterfaceOrientationPortraitUpsideDown UIInterfaceOrientationLandscapeLeft UIInterfaceOrientationLandscapeRight";
				INFOPLIST_KEY_UISupportedInterfaceOrientations_iPhone = "UIInterfaceOrientationPortrait UIInterfaceOrientationLandscapeLeft UIInterfaceOrientationLandscapeRight";
				IPHONEOS_DEPLOYMENT_TARGET = 15.0;
				LD_RUNPATH_SEARCH_PATHS = (
					"$(inherited)",
					"@executable_path/Frameworks",
				);
				MARKETING_VERSION = 1.0;
				PRODUCT_BUNDLE_IDENTIFIER = "r.CSGO-polygon";
				PRODUCT_NAME = "$(TARGET_NAME)";
				SWIFT_EMIT_LOC_STRINGS = YES;
				SWIFT_VERSION = 5.0;
				TARGETED_DEVICE_FAMILY = "1,2";
			};
			name = Release;
		};
/* End XCBuildConfiguration section */

/* Begin XCConfigurationList section */
		75B199E32AA105F4008FD945 /* Build configuration list for PBXProject "CSGO-polygon" */ = {
			isa = XCConfigurationList;
			buildConfigurations = (
				75B199FD2AA105F7008FD945 /* Debug */,
				75B199FE2AA105F7008FD945 /* Release */,
			);
			defaultConfigurationIsVisible = 0;
			defaultConfigurationName = Release;
		};
		75B199FF2AA105F7008FD945 /* Build configuration list for PBXNativeTarget "CSGO-polygon" */ = {
			isa = XCConfigurationList;
			buildConfigurations = (
				75B19A002AA105F7008FD945 /* Debug */,
				75B19A012AA105F7008FD945 /* Release */,
			);
			defaultConfigurationIsVisible = 0;
			defaultConfigurationName = Release;
		};
/* End XCConfigurationList section */

/* Begin XCVersionGroup section */
		75B199F42AA105F5008FD945 /* CSGO_polygon.xcdatamodeld */ = {
			isa = XCVersionGroup;
			children = (
				75B199F52AA105F5008FD945 /* CSGO_polygon.xcdatamodel */,
			);
			currentVersion = 75B199F52AA105F5008FD945 /* CSGO_polygon.xcdatamodel */;
			path = CSGO_polygon.xcdatamodeld;
			sourceTree = "<group>";
			versionGroupType = wrapper.xcdatamodel;
		};
/* End XCVersionGroup section */
	};
	rootObject = 75B199E02AA105F4008FD945 /* Project object */;
}
